
Microsoft Visual Studio Solution File, Format Version 12.00
# Visual Studio Version 16
VisualStudioVersion = 16.0.31515.178
MinimumVisualStudioVersion = 10.0.40219.1
Project("{9A19103F-16F7-4668-BE54-9A1E7A4F7556}") = "PruebaLogi", "PruebaLogi\PruebaLogi.csproj", "{A3E44C3F-E815-4590-8AEB-231DA1322360}"
EndProject
Project("{FAE04EC0-301F-11D3-BF4B-00C04F79EFBC}") = "TestPruebaLogi", "TestPruebaLogi\TestPruebaLogi.csproj", "{3BB07517-CB03-4991-8064-F51EBD9504A2}"
EndProject
Global
	GlobalSection(SolutionConfigurationPlatforms) = preSolution
		Debug|Any CPU = Debug|Any CPU
		Release|Any CPU = Release|Any CPU
	EndGlobalSection
	GlobalSection(ProjectConfigurationPlatforms) = postSolution
		{A3E44C3F-E815-4590-8AEB-231DA1322360}.Debug|Any CPU.ActiveCfg = Debug|Any CPU
		{A3E44C3F-E815-4590-8AEB-231DA1322360}.Debug|Any CPU.Build.0 = Debug|Any CPU
		{A3E44C3F-E815-4590-8AEB-231DA1322360}.Release|Any CPU.ActiveCfg = Release|Any CPU
		{A3E44C3F-E815-4590-8AEB-231DA1322360}.Release|Any CPU.Build.0 = Release|Any CPU
		{3BB07517-CB03-4991-8064-F51EBD9504A2}.Debug|Any CPU.ActiveCfg = Debug|Any CPU
		{3BB07517-CB03-4991-8064-F51EBD9504A2}.Debug|Any CPU.Build.0 = Debug|Any CPU
		{3BB07517-CB03-4991-8064-F51EBD9504A2}.Release|Any CPU.ActiveCfg = Release|Any CPU
		{3BB07517-CB03-4991-8064-F51EBD9504A2}.Release|Any CPU.Build.0 = Release|Any CPU
	EndGlobalSection
	GlobalSection(SolutionProperties) = preSolution
		HideSolutionNode = FALSE
	EndGlobalSection
	GlobalSection(ExtensibilityGlobals) = postSolution
		SolutionGuid = {393A8D9D-8F90-443A-8D5C-CA9897A83C71}
	EndGlobalSection
EndGlobal
